
Microsoft Visual Studio Solution File, Format Version 12.00
# Visual Studio Version 17
VisualStudioVersion = 17.8.34322.80
MinimumVisualStudioVersion = 10.0.40219.1
Project("{8BC9CEB8-8B4A-11D0-8D11-00A0C91BC942}") = "Letter Patern", "Letter Patern\Letter Patern.vcxproj", "{F41A6AD4-1D16-4833-89C7-4B1F0CC3C4EB}"
EndProject
Global
	GlobalSection(SolutionConfigurationPlatforms) = preSolution
		Debug|x64 = Debug|x64
		Debug|x86 = Debug|x86
		Release|x64 = Release|x64
		Release|x86 = Release|x86
	EndGlobalSection
	GlobalSection(ProjectConfigurationPlatforms) = postSolution
		{F41A6AD4-1D16-4833-89C7-4B1F0CC3C4EB}.Debug|x64.ActiveCfg = Debug|x64
		{F41A6AD4-1D16-4833-89C7-4B1F0CC3C4EB}.Debug|x64.Build.0 = Debug|x64
		{F41A6AD4-1D16-4833-89C7-4B1F0CC3C4EB}.Debug|x86.ActiveCfg = Debug|Win32
		{F41A6AD4-1D16-4833-89C7-4B1F0CC3C4EB}.Debug|x86.Build.0 = Debug|Win32
		{F41A6AD4-1D16-4833-89C7-4B1F0CC3C4EB}.Release|x64.ActiveCfg = Release|x64
		{F41A6AD4-1D16-4833-89C7-4B1F0CC3C4EB}.Release|x64.Build.0 = Release|x64
		{F41A6AD4-1D16-4833-89C7-4B1F0CC3C4EB}.Release|x86.ActiveCfg = Release|Win32
		{F41A6AD4-1D16-4833-89C7-4B1F0CC3C4EB}.Release|x86.Build.0 = Release|Win32
	EndGlobalSection
	GlobalSection(SolutionProperties) = preSolution
		HideSolutionNode = FALSE
	EndGlobalSection
	GlobalSection(ExtensibilityGlobals) = postSolution
		SolutionGuid = {5E34B094-2CB4-41CA-AB9F-ED8680BE6086}
	EndGlobalSection
EndGlobal
